
Microsoft Visual Studio Solution File, Format Version 12.00
# Visual Studio 14
VisualStudioVersion = 14.0.24720.0
MinimumVisualStudioVersion = 10.0.40219.1
Project("{FAE04EC0-301F-11D3-BF4B-00C04F79EFBC}") = "LinkedListTest425", "LinkedListTest425.csproj", "{EBD93B69-1CC6-4B55-A24C-4892D50249E9}"
EndProject
Global
	GlobalSection(SolutionConfigurationPlatforms) = preSolution
		Debug|Any CPU = Debug|Any CPU
		Release|Any CPU = Release|Any CPU
	EndGlobalSection
	GlobalSection(ProjectConfigurationPlatforms) = postSolution
		{EBD93B69-1CC6-4B55-A24C-4892D50249E9}.Debug|Any CPU.ActiveCfg = Debug|Any CPU
		{EBD93B69-1CC6-4B55-A24C-4892D50249E9}.Debug|Any CPU.Build.0 = Debug|Any CPU
		{EBD93B69-1CC6-4B55-A24C-4892D50249E9}.Release|Any CPU.ActiveCfg = Release|Any CPU
		{EBD93B69-1CC6-4B55-A24C-4892D50249E9}.Release|Any CPU.Build.0 = Release|Any CPU
	EndGlobalSection
	GlobalSection(SolutionProperties) = preSolution
		HideSolutionNode = FALSE
	EndGlobalSection
EndGlobal
